
Microsoft Visual Studio Solution File, Format Version 12.00
Project("{FAE04EC0-301F-11D3-BF4B-00C04F79EFBC}") = "RougeBuilder", "RougeBuilder\RougeBuilder.csproj", "{55616A11-E6DD-4793-8793-DF4E632AC3EB}"
EndProject
Global
	GlobalSection(SolutionConfigurationPlatforms) = preSolution
		Debug|Any CPU = Debug|Any CPU
		Release|Any CPU = Release|Any CPU
	EndGlobalSection
	GlobalSection(ProjectConfigurationPlatforms) = postSolution
		{55616A11-E6DD-4793-8793-DF4E632AC3EB}.Debug|Any CPU.ActiveCfg = Debug|Any CPU
		{55616A11-E6DD-4793-8793-DF4E632AC3EB}.Debug|Any CPU.Build.0 = Debug|Any CPU
		{55616A11-E6DD-4793-8793-DF4E632AC3EB}.Release|Any CPU.ActiveCfg = Release|Any CPU
		{55616A11-E6DD-4793-8793-DF4E632AC3EB}.Release|Any CPU.Build.0 = Release|Any CPU
	EndGlobalSection
EndGlobal
